# @generated - this file is auto-generated by `mise lock` https://mise.jdx.dev/dev-tools/mise-lock.html

[[tools.cargo-binstall]]
version = "1.12.3"
backend = "aqua:cargo-bins/cargo-binstall"

[[tools."cargo:cargo-llvm-cov"]]
version = "0.8.4"
backend = "cargo:cargo-llvm-cov"

[[tools."cargo:cargo-nextest"]]
version = "0.9.130"
backend = "cargo:cargo-nextest"

[[tools.prek]]
version = "0.3.5"
backend = "aqua:j178/prek"

[tools.prek."platforms.linux-arm64"]
checksum = "sha256:2534c3297c466814a0356121c9fe15934433ec3dd0343f0c8251ff348b08fa41"
url = "https://github.com/j178/prek/releases/download/v0.3.5/prek-aarch64-unknown-linux-musl.tar.gz"

[tools.prek."platforms.linux-arm64-musl"]
checksum = "sha256:2534c3297c466814a0356121c9fe15934433ec3dd0343f0c8251ff348b08fa41"
url = "https://github.com/j178/prek/releases/download/v0.3.5/prek-aarch64-unknown-linux-musl.tar.gz"

[tools.prek."platforms.linux-x64"]
checksum = "sha256:b8a18b6da657e2a85cabaa699da191f0aaa55008109cf97d23ae0580962876dc"
url = "https://github.com/j178/prek/releases/download/v0.3.5/prek-x86_64-unknown-linux-musl.tar.gz"

[tools.prek."platforms.linux-x64-musl"]
checksum = "sha256:b8a18b6da657e2a85cabaa699da191f0aaa55008109cf97d23ae0580962876dc"
url = "https://github.com/j178/prek/releases/download/v0.3.5/prek-x86_64-unknown-linux-musl.tar.gz"

[tools.prek."platforms.macos-arm64"]
checksum = "sha256:652cc3f3907f732028366c1da60babfdd9236fc7bef1a686fa561b45e6f948de"
url = "https://github.com/j178/prek/releases/download/v0.3.5/prek-aarch64-apple-darwin.tar.gz"

[tools.prek."platforms.macos-x64"]
checksum = "sha256:e4fdab89c5fcca22ea99c4582eb8186e088c8d5c10b10c4fa97e1cff45050c6d"
url = "https://github.com/j178/prek/releases/download/v0.3.5/prek-x86_64-apple-darwin.tar.gz"

[tools.prek."platforms.windows-x64"]
checksum = "sha256:d7f0877d54533376186b31455f3c23f226eaecaa4ff9e8169d5bd1670f594525"
url = "https://github.com/j178/prek/releases/download/v0.3.5/prek-x86_64-pc-windows-msvc.zip"
